
Microsoft Visual Studio Solution File, Format Version 12.00
# Visual Studio Version 16
VisualStudioVersion = 16.0.30011.22
MinimumVisualStudioVersion = 10.0.40219.1
Project("{9A19103F-16F7-4668-BE54-9A1E7A4F7556}") = "DataGridCheckBox", "..\DataGridCheckBox\DataGridCheckBox.csproj", "{FCC9FC52-3A79-4D34-8FF5-6A74A82E3205}"
EndProject
Project("{F184B08F-C81C-45F6-A57F-5ABD9991F28F}") = "RichTextBoxBinding", "RichTextBoxBinding.vbproj", "{2E5FAA26-6264-4643-A3D5-6D3AE5809160}"
EndProject
Global
	GlobalSection(SolutionConfigurationPlatforms) = preSolution
		Debug|Any CPU = Debug|Any CPU
		Release|Any CPU = Release|Any CPU
	EndGlobalSection
	GlobalSection(ProjectConfigurationPlatforms) = postSolution
		{FCC9FC52-3A79-4D34-8FF5-6A74A82E3205}.Debug|Any CPU.ActiveCfg = Debug|Any CPU
		{FCC9FC52-3A79-4D34-8FF5-6A74A82E3205}.Debug|Any CPU.Build.0 = Debug|Any CPU
		{FCC9FC52-3A79-4D34-8FF5-6A74A82E3205}.Release|Any CPU.ActiveCfg = Release|Any CPU
		{FCC9FC52-3A79-4D34-8FF5-6A74A82E3205}.Release|Any CPU.Build.0 = Release|Any CPU
		{2E5FAA26-6264-4643-A3D5-6D3AE5809160}.Debug|Any CPU.ActiveCfg = Debug|Any CPU
		{2E5FAA26-6264-4643-A3D5-6D3AE5809160}.Debug|Any CPU.Build.0 = Debug|Any CPU
		{2E5FAA26-6264-4643-A3D5-6D3AE5809160}.Release|Any CPU.ActiveCfg = Release|Any CPU
		{2E5FAA26-6264-4643-A3D5-6D3AE5809160}.Release|Any CPU.Build.0 = Release|Any CPU
	EndGlobalSection
	GlobalSection(SolutionProperties) = preSolution
		HideSolutionNode = FALSE
	EndGlobalSection
	GlobalSection(ExtensibilityGlobals) = postSolution
		SolutionGuid = {9D73519A-DFCF-48E6-914F-28E5366F4464}
	EndGlobalSection
EndGlobal
